{
    "name": "maraton",
    "lockfileVersion": 3,
    "requires": true,
    "packages": {
        "": {
            "dependencies": {
                "@fortawesome/fontawesome-free": "^6.4.2",
                "bootstrap": "4.3",
                "bs-custom-file-input": "^1.3.4",
                "datatables.net-dt": "^1.13.6",
                "datatables.net-rowgroup-dt": "^1.4.1",
                "jquery": "^3.7.1",
                "simplycountdown.js": "^1.7.0",
                "sweetalert": "^2.1.2"
            },
            "devDependencies": {
                "axios": "^0.25",
                "lodash": "^4.17.19",
                "postcss": "^8.1.14"
            }
        },
        "node_modules/@fortawesome/fontawesome-free": {
            "version": "6.4.2",
            "resolved": "https://registry.npmjs.org/@fortawesome/fontawesome-free/-/fontawesome-free-6.4.2.tgz",
            "integrity": "sha512-m5cPn3e2+FDCOgi1mz0RexTUvvQibBebOUlUlW0+YrMjDTPkiJ6VTKukA1GRsvRw+12KyJndNjj0O4AgTxm2Pg==",
            "hasInstallScript": true,
            "engines": {
                "node": ">=6"
            }
        },
        "node_modules/axios": {
            "version": "0.25.0",
            "resolved": "https://registry.npmjs.org/axios/-/axios-0.25.0.tgz",
            "integrity": "sha512-cD8FOb0tRH3uuEe6+evtAbgJtfxr7ly3fQjYcMcuPlgkwVS9xboaVIpcDV+cYQe+yGykgwZCs1pzjntcGa6l5g==",
            "dev": true,
            "dependencies": {
                "follow-redirects": "^1.14.7"
            }
        },
        "node_modules/bootstrap": {
            "version": "4.3.1",
            "resolved": "https://registry.npmjs.org/bootstrap/-/bootstrap-4.3.1.tgz",
            "integrity": "sha512-rXqOmH1VilAt2DyPzluTi2blhk17bO7ef+zLLPlWvG494pDxcM234pJ8wTc/6R40UWizAIIMgxjvxZg5kmsbag==",
            "engines": {
                "node": ">=6"
            },
            "peerDependencies": {
                "jquery": "1.9.1 - 3",
                "popper.js": "^1.14.7"
            }
        },
        "node_modules/bs-custom-file-input": {
            "version": "1.3.4",
            "resolved": "https://registry.npmjs.org/bs-custom-file-input/-/bs-custom-file-input-1.3.4.tgz",
            "integrity": "sha512-NBsQzTnef3OW1MvdKBbMHAYHssCd613MSeJV7z2McXznWtVMnJCy7Ckyc+PwxV6Pk16cu6YBcYWh/ZE0XWNKCA==",
            "engines": {
                "node": ">=8"
            }
        },
        "node_modules/datatables.net": {
            "version": "1.13.6",
            "resolved": "https://registry.npmjs.org/datatables.net/-/datatables.net-1.13.6.tgz",
            "integrity": "sha512-rHNcnW+yEP9me82/KmRcid5eKrqPqW3+I/p1TwqCW3c/7GRYYkDyF6aJQOQ9DNS/pw+nyr4BVpjyJ3yoZXiFPg==",
            "dependencies": {
                "jquery": ">=1.7"
            }
        },
        "node_modules/datatables.net-dt": {
            "version": "1.13.6",
            "resolved": "https://registry.npmjs.org/datatables.net-dt/-/datatables.net-dt-1.13.6.tgz",
            "integrity": "sha512-0fBsUi8k5e+x5e+xA/Eb5stFr2PIkHgDnbhZs8ZDLvzzL975lCm6sqBAcsTsXKvF7yuBvaDTVBTF4wOMw7PrYw==",
            "dependencies": {
                "datatables.net": ">=1.13.4",
                "jquery": ">=1.7"
            }
        },
        "node_modules/datatables.net-rowgroup": {
            "version": "1.4.1",
            "resolved": "https://registry.npmjs.org/datatables.net-rowgroup/-/datatables.net-rowgroup-1.4.1.tgz",
            "integrity": "sha512-nwcQbh1IttKyEedmObOKnskvriis3DBKsBRpiSoZO3EvRlZ69wnW9WQhw9/WxPnOUjATO3gJ/n7DMrLoGsKdDA==",
            "dependencies": {
                "datatables.net": ">=1.13.4",
                "jquery": ">=1.7"
            }
        },
        "node_modules/datatables.net-rowgroup-dt": {
            "version": "1.4.1",
            "resolved": "https://registry.npmjs.org/datatables.net-rowgroup-dt/-/datatables.net-rowgroup-dt-1.4.1.tgz",
            "integrity": "sha512-RKoeuObCfsNmiqilq2HTmv9GDLRPIEW13VepBrehAWH7fvAE3f8Lk1anIHLqd6XQlI0pT9LNxMT0u5JEvErW+A==",
            "dependencies": {
                "datatables.net-dt": ">=1.13.4",
                "datatables.net-rowgroup": ">=1.3.1",
                "jquery": ">=1.7"
            }
        },
        "node_modules/es6-object-assign": {
            "version": "1.1.0",
            "resolved": "https://registry.npmjs.org/es6-object-assign/-/es6-object-assign-1.1.0.tgz",
            "integrity": "sha512-MEl9uirslVwqQU369iHNWZXsI8yaZYGg/D65aOgZkeyFJwHYSxilf7rQzXKI7DdDuBPrBXbfk3sl9hJhmd5AUw=="
        },
        "node_modules/follow-redirects": {
            "version": "1.15.3",
            "resolved": "https://registry.npmjs.org/follow-redirects/-/follow-redirects-1.15.3.tgz",
            "integrity": "sha512-1VzOtuEM8pC9SFU1E+8KfTjZyMztRsgEfwQl44z8A25uy13jSzTj6dyK2Df52iV0vgHCfBwLhDWevLn95w5v6Q==",
            "dev": true,
            "funding": [
                {
                    "type": "individual",
                    "url": "https://github.com/sponsors/RubenVerborgh"
                }
            ],
            "engines": {
                "node": ">=4.0"
            },
            "peerDependenciesMeta": {
                "debug": {
                    "optional": true
                }
            }
        },
        "node_modules/jquery": {
            "version": "3.7.1",
            "resolved": "https://registry.npmjs.org/jquery/-/jquery-3.7.1.tgz",
            "integrity": "sha512-m4avr8yL8kmFN8psrbFFFmB/If14iN5o9nw/NgnnM+kybDJpRsAynV2BsfpTYrTRysYUdADVD7CkUUizgkpLfg=="
        },
        "node_modules/lodash": {
            "version": "4.17.21",
            "resolved": "https://registry.npmjs.org/lodash/-/lodash-4.17.21.tgz",
            "integrity": "sha512-v2kDEe57lecTulaDIuNTPy3Ry4gLGJ6Z1O3vE1krgXZNrsQ+LFTGHVxVjcXPs17LhbZVGedAJv8XZ1tvj5FvSg==",
            "dev": true
        },
        "node_modules/nanoid": {
            "version": "3.3.6",
            "resolved": "https://registry.npmjs.org/nanoid/-/nanoid-3.3.6.tgz",
            "integrity": "sha512-BGcqMMJuToF7i1rt+2PWSNVnWIkGCU78jBG3RxO/bZlnZPK2Cmi2QaffxGO/2RvWi9sL+FAiRiXMgsyxQ1DIDA==",
            "dev": true,
            "funding": [
                {
                    "type": "github",
                    "url": "https://github.com/sponsors/ai"
                }
            ],
            "bin": {
                "nanoid": "bin/nanoid.cjs"
            },
            "engines": {
                "node": "^10 || ^12 || ^13.7 || ^14 || >=15.0.1"
            }
        },
        "node_modules/picocolors": {
            "version": "1.0.0",
            "resolved": "https://registry.npmjs.org/picocolors/-/picocolors-1.0.0.tgz",
            "integrity": "sha512-1fygroTLlHu66zi26VoTDv8yRgm0Fccecssto+MhsZ0D/DGW2sm8E8AjW7NU5VVTRt5GxbeZ5qBuJr+HyLYkjQ==",
            "dev": true
        },
        "node_modules/popper.js": {
            "version": "1.16.1",
            "resolved": "https://registry.npmjs.org/popper.js/-/popper.js-1.16.1.tgz",
            "integrity": "sha512-Wb4p1J4zyFTbM+u6WuO4XstYx4Ky9Cewe4DWrel7B0w6VVICvPwdOpotjzcf6eD8TsckVnIMNONQyPIUFOUbCQ==",
            "deprecated": "You can find the new Popper v2 at @popperjs/core, this package is dedicated to the legacy v1",
            "peer": true,
            "funding": {
                "type": "opencollective",
                "url": "https://opencollective.com/popperjs"
            }
        },
        "node_modules/postcss": {
            "version": "8.4.30",
            "resolved": "https://registry.npmjs.org/postcss/-/postcss-8.4.30.tgz",
            "integrity": "sha512-7ZEao1g4kd68l97aWG/etQKPKq07us0ieSZ2TnFDk11i0ZfDW2AwKHYU8qv4MZKqN2fdBfg+7q0ES06UA73C1g==",
            "dev": true,
            "funding": [
                {
                    "type": "opencollective",
                    "url": "https://opencollective.com/postcss/"
                },
                {
                    "type": "tidelift",
                    "url": "https://tidelift.com/funding/github/npm/postcss"
                },
                {
                    "type": "github",
                    "url": "https://github.com/sponsors/ai"
                }
            ],
            "dependencies": {
                "nanoid": "^3.3.6",
                "picocolors": "^1.0.0",
                "source-map-js": "^1.0.2"
            },
            "engines": {
                "node": "^10 || ^12 || >=14"
            }
        },
        "node_modules/promise-polyfill": {
            "version": "6.1.0",
            "resolved": "https://registry.npmjs.org/promise-polyfill/-/promise-polyfill-6.1.0.tgz",
            "integrity": "sha512-g0LWaH0gFsxovsU7R5LrrhHhWAWiHRnh1GPrhXnPgYsDkIqjRYUYSZEsej/wtleDrz5xVSIDbeKfidztp2XHFQ=="
        },
        "node_modules/simplycountdown.js": {
            "version": "1.7.0",
            "resolved": "https://registry.npmjs.org/simplycountdown.js/-/simplycountdown.js-1.7.0.tgz",
            "integrity": "sha512-UB5LVDVRuVyawYsrosoQ8qOwSdK4JLX8njkmTy5y8ECBQ/h3HGCt6XdYAlMYVHfqQ9egp7dOHZzAjo7+FHYYAw=="
        },
        "node_modules/source-map-js": {
            "version": "1.0.2",
            "resolved": "https://registry.npmjs.org/source-map-js/-/source-map-js-1.0.2.tgz",
            "integrity": "sha512-R0XvVJ9WusLiqTCEiGCmICCMplcCkIwwR11mOSD9CR5u+IXYdiseeEuXCVAjS54zqwkLcPNnmU4OeJ6tUrWhDw==",
            "dev": true,
            "engines": {
                "node": ">=0.10.0"
            }
        },
        "node_modules/sweetalert": {
            "version": "2.1.2",
            "resolved": "https://registry.npmjs.org/sweetalert/-/sweetalert-2.1.2.tgz",
            "integrity": "sha512-iWx7X4anRBNDa/a+AdTmvAzQtkN1+s4j/JJRWlHpYE8Qimkohs8/XnFcWeYHH2lMA8LRCa5tj2d244If3S/hzA==",
            "dependencies": {
                "es6-object-assign": "^1.1.0",
                "promise-polyfill": "^6.0.2"
            }
        }
    }
}
